
Microsoft Visual Studio Solution File, Format Version 12.00
# Visual Studio 15
VisualStudioVersion = 15.0.28010.2048
MinimumVisualStudioVersion = 10.0.40219.1
Project("{FAE04EC0-301F-11D3-BF4B-00C04F79EFBC}") = "ShoppingList.Server", "src\ShoppingList.Server\ShoppingList.Server.csproj", "{5B3234A9-D393-4743-9D53-7EA0958B7C3C}"
EndProject
Project("{FAE04EC0-301F-11D3-BF4B-00C04F79EFBC}") = "ShoppingList.Client", "src\ShoppingList.Client\ShoppingList.Client.csproj", "{5503C2D1-1F8B-4994-8FFD-9E070B74D0E8}"
EndProject
Project("{FAE04EC0-301F-11D3-BF4B-00C04F79EFBC}") = "ShoppingList.Shared", "src\ShoppingList.Shared\ShoppingList.Shared.csproj", "{0414538E-6C00-4039-87B2-4FBD53D0CAED}"
EndProject
Global
	GlobalSection(SolutionConfigurationPlatforms) = preSolution
		Debug|Any CPU = Debug|Any CPU
		Release|Any CPU = Release|Any CPU
	EndGlobalSection
	GlobalSection(ProjectConfigurationPlatforms) = postSolution
		{5B3234A9-D393-4743-9D53-7EA0958B7C3C}.Debug|Any CPU.ActiveCfg = Debug|Any CPU
		{5B3234A9-D393-4743-9D53-7EA0958B7C3C}.Debug|Any CPU.Build.0 = Debug|Any CPU
		{5B3234A9-D393-4743-9D53-7EA0958B7C3C}.Release|Any CPU.ActiveCfg = Release|Any CPU
		{5B3234A9-D393-4743-9D53-7EA0958B7C3C}.Release|Any CPU.Build.0 = Release|Any CPU
		{5503C2D1-1F8B-4994-8FFD-9E070B74D0E8}.Debug|Any CPU.ActiveCfg = Debug|Any CPU
		{5503C2D1-1F8B-4994-8FFD-9E070B74D0E8}.Debug|Any CPU.Build.0 = Debug|Any CPU
		{5503C2D1-1F8B-4994-8FFD-9E070B74D0E8}.Release|Any CPU.ActiveCfg = Release|Any CPU
		{5503C2D1-1F8B-4994-8FFD-9E070B74D0E8}.Release|Any CPU.Build.0 = Release|Any CPU
		{0414538E-6C00-4039-87B2-4FBD53D0CAED}.Debug|Any CPU.ActiveCfg = Debug|Any CPU
		{0414538E-6C00-4039-87B2-4FBD53D0CAED}.Debug|Any CPU.Build.0 = Debug|Any CPU
		{0414538E-6C00-4039-87B2-4FBD53D0CAED}.Release|Any CPU.ActiveCfg = Release|Any CPU
		{0414538E-6C00-4039-87B2-4FBD53D0CAED}.Release|Any CPU.Build.0 = Release|Any CPU
	EndGlobalSection
	GlobalSection(SolutionProperties) = preSolution
		HideSolutionNode = FALSE
	EndGlobalSection
	GlobalSection(ExtensibilityGlobals) = postSolution
		SolutionGuid = {DA70DDC0-110F-4ECC-B32D-C1BA208D1ED1}
	EndGlobalSection
EndGlobal
